// !$*UTF8*$!
{
	archiveVersion = 1;
	classes = {
	};
	objectVersion = 50;
	objects = {

/* Begin PBXBuildFile section */
		6247F95723EA1AD5002D75CE /* AppDelegate.swift in Sources */ = {isa = PBXBuildFile; fileRef = 6247F95623EA1AD5002D75CE /* AppDelegate.swift */; };
		6247F95923EA1AD5002D75CE /* SceneDelegate.swift in Sources */ = {isa = PBXBuildFile; fileRef = 6247F95823EA1AD5002D75CE /* SceneDelegate.swift */; };
		6247F95C23EA1AD5002D75CE /* SwiftUI_Coredata_tutorial.xcdatamodeld in Sources */ = {isa = PBXBuildFile; fileRef = 6247F95A23EA1AD5002D75CE /* SwiftUI_Coredata_tutorial.xcdatamodeld */; };
		6247F95E23EA1AD5002D75CE /* ContentView.swift in Sources */ = {isa = PBXBuildFile; fileRef = 6247F95D23EA1AD5002D75CE /* ContentView.swift */; };
		6247F96023EA1AD9002D75CE /* Assets.xcassets in Resources */ = {isa = PBXBuildFile; fileRef = 6247F95F23EA1AD9002D75CE /* Assets.xcassets */; };
		6247F96323EA1AD9002D75CE /* Preview Assets.xcassets in Resources */ = {isa = PBXBuildFile; fileRef = 6247F96223EA1AD9002D75CE /* Preview Assets.xcassets */; };
		6247F96623EA1AD9002D75CE /* LaunchScreen.storyboard in Resources */ = {isa = PBXBuildFile; fileRef = 6247F96423EA1AD9002D75CE /* LaunchScreen.storyboard */; };
		6247F97023EA1B14002D75CE /* CoreDataController.swift in Sources */ = {isa = PBXBuildFile; fileRef = 6247F96E23EA1B13002D75CE /* CoreDataController.swift */; };
		6247F97123EA1B14002D75CE /* CoreDataType.swift in Sources */ = {isa = PBXBuildFile; fileRef = 6247F96F23EA1B13002D75CE /* CoreDataType.swift */; };
/* End PBXBuildFile section */

/* Begin PBXFileReference section */
		6247F95323EA1AD5002D75CE /* SwiftUI_Coredata_tutorial.app */ = {isa = PBXFileReference; explicitFileType = wrapper.application; includeInIndex = 0; path = SwiftUI_Coredata_tutorial.app; sourceTree = BUILT_PRODUCTS_DIR; };
		6247F95623EA1AD5002D75CE /* AppDelegate.swift */ = {isa = PBXFileReference; lastKnownFileType = sourcecode.swift; path = AppDelegate.swift; sourceTree = "<group>"; };
		6247F95823EA1AD5002D75CE /* SceneDelegate.swift */ = {isa = PBXFileReference; lastKnownFileType = sourcecode.swift; path = SceneDelegate.swift; sourceTree = "<group>"; };
		6247F95B23EA1AD5002D75CE /* SwiftUI_Coredata_tutorial.xcdatamodel */ = {isa = PBXFileReference; lastKnownFileType = wrapper.xcdatamodel; path = SwiftUI_Coredata_tutorial.xcdatamodel; sourceTree = "<group>"; };
		6247F95D23EA1AD5002D75CE /* ContentView.swift */ = {isa = PBXFileReference; lastKnownFileType = sourcecode.swift; path = ContentView.swift; sourceTree = "<group>"; };
		6247F95F23EA1AD9002D75CE /* Assets.xcassets */ = {isa = PBXFileReference; lastKnownFileType = folder.assetcatalog; path = Assets.xcassets; sourceTree = "<group>"; };
		6247F96223EA1AD9002D75CE /* Preview Assets.xcassets */ = {isa = PBXFileReference; lastKnownFileType = folder.assetcatalog; path = "Preview Assets.xcassets"; sourceTree = "<group>"; };
		6247F96523EA1AD9002D75CE /* Base */ = {isa = PBXFileReference; lastKnownFileType = file.storyboard; name = Base; path = Base.lproj/LaunchScreen.storyboard; sourceTree = "<group>"; };
		6247F96723EA1AD9002D75CE /* Info.plist */ = {isa = PBXFileReference; lastKnownFileType = text.plist.xml; path = Info.plist; sourceTree = "<group>"; };
		6247F96E23EA1B13002D75CE /* CoreDataController.swift */ = {isa = PBXFileReference; fileEncoding = 4; lastKnownFileType = sourcecode.swift; path = CoreDataController.swift; sourceTree = "<group>"; };
		6247F96F23EA1B13002D75CE /* CoreDataType.swift */ = {isa = PBXFileReference; fileEncoding = 4; lastKnownFileType = sourcecode.swift; path = CoreDataType.swift; sourceTree = "<group>"; };
/* End PBXFileReference section */

/* Begin PBXFrameworksBuildPhase section */
		6247F95023EA1AD5002D75CE /* Frameworks */ = {
			isa = PBXFrameworksBuildPhase;
			buildActionMask = 2147483647;
			files = (
			);
			runOnlyForDeploymentPostprocessing = 0;
		};
/* End PBXFrameworksBuildPhase section */

/* Begin PBXGroup section */
		6247F94A23EA1AD5002D75CE = {
			isa = PBXGroup;
			children = (
				6247F95523EA1AD5002D75CE /* SwiftUI_Coredata_tutorial */,
				6247F95423EA1AD5002D75CE /* Products */,
			);
			sourceTree = "<group>";
		};
		6247F95423EA1AD5002D75CE /* Products */ = {
			isa = PBXGroup;
			children = (
				6247F95323EA1AD5002D75CE /* SwiftUI_Coredata_tutorial.app */,
			);
			name = Products;
			sourceTree = "<group>";
		};
		6247F95523EA1AD5002D75CE /* SwiftUI_Coredata_tutorial */ = {
			isa = PBXGroup;
			children = (
				6247F95623EA1AD5002D75CE /* AppDelegate.swift */,
				6247F95823EA1AD5002D75CE /* SceneDelegate.swift */,
				6247F96D23EA1B13002D75CE /* Models */,
				6247F95D23EA1AD5002D75CE /* ContentView.swift */,
				6247F95F23EA1AD9002D75CE /* Assets.xcassets */,
				6247F96423EA1AD9002D75CE /* LaunchScreen.storyboard */,
				6247F96723EA1AD9002D75CE /* Info.plist */,
				6247F95A23EA1AD5002D75CE /* SwiftUI_Coredata_tutorial.xcdatamodeld */,
				6247F96123EA1AD9002D75CE /* Preview Content */,
			);
			path = SwiftUI_Coredata_tutorial;
			sourceTree = "<group>";
		};
		6247F96123EA1AD9002D75CE /* Preview Content */ = {
			isa = PBXGroup;
			children = (
				6247F96223EA1AD9002D75CE /* Preview Assets.xcassets */,
			);
			path = "Preview Content";
			sourceTree = "<group>";
		};
		6247F96D23EA1B13002D75CE /* Models */ = {
			isa = PBXGroup;
			children = (
				6247F96E23EA1B13002D75CE /* CoreDataController.swift */,
				6247F96F23EA1B13002D75CE /* CoreDataType.swift */,
			);
			path = Models;
			sourceTree = "<group>";
		};
/* End PBXGroup section */

/* Begin PBXNativeTarget section */
		6247F95223EA1AD5002D75CE /* SwiftUI_Coredata_tutorial */ = {
			isa = PBXNativeTarget;
			buildConfigurationList = 6247F96A23EA1AD9002D75CE /* Build configuration list for PBXNativeTarget "SwiftUI_Coredata_tutorial" */;
			buildPhases = (
				6247F94F23EA1AD5002D75CE /* Sources */,
				6247F95023EA1AD5002D75CE /* Frameworks */,
				6247F95123EA1AD5002D75CE /* Resources */,
			);
			buildRules = (
			);
			dependencies = (
			);
			name = SwiftUI_Coredata_tutorial;
			productName = SwiftUI_Coredata_tutorial;
			productReference = 6247F95323EA1AD5002D75CE /* SwiftUI_Coredata_tutorial.app */;
			productType = "com.apple.product-type.application";
		};
/* End PBXNativeTarget section */

/* Begin PBXProject section */
		6247F94B23EA1AD5002D75CE /* Project object */ = {
			isa = PBXProject;
			attributes = {
				LastSwiftUpdateCheck = 1130;
				LastUpgradeCheck = 1130;
				ORGANIZATIONNAME = "YOUNGSIC KIM";
				TargetAttributes = {
					6247F95223EA1AD5002D75CE = {
						CreatedOnToolsVersion = 11.3.1;
					};
				};
			};
			buildConfigurationList = 6247F94E23EA1AD5002D75CE /* Build configuration list for PBXProject "SwiftUI_Coredata_tutorial" */;
			compatibilityVersion = "Xcode 9.3";
			developmentRegion = en;
			hasScannedForEncodings = 0;
			knownRegions = (
				en,
				Base,
			);
			mainGroup = 6247F94A23EA1AD5002D75CE;
			productRefGroup = 6247F95423EA1AD5002D75CE /* Products */;
			projectDirPath = "";
			projectRoot = "";
			targets = (
				6247F95223EA1AD5002D75CE /* SwiftUI_Coredata_tutorial */,
			);
		};
/* End PBXProject section */

/* Begin PBXResourcesBuildPhase section */
		6247F95123EA1AD5002D75CE /* Resources */ = {
			isa = PBXResourcesBuildPhase;
			buildActionMask = 2147483647;
			files = (
				6247F96623EA1AD9002D75CE /* LaunchScreen.storyboard in Resources */,
				6247F96323EA1AD9002D75CE /* Preview Assets.xcassets in Resources */,
				6247F96023EA1AD9002D75CE /* Assets.xcassets in Resources */,
			);
			runOnlyForDeploymentPostprocessing = 0;
		};
/* End PBXResourcesBuildPhase section */

/* Begin PBXSourcesBuildPhase section */
		6247F94F23EA1AD5002D75CE /* Sources */ = {
			isa = PBXSourcesBuildPhase;
			buildActionMask = 2147483647;
			files = (
				6247F95723EA1AD5002D75CE /* AppDelegate.swift in Sources */,
				6247F95C23EA1AD5002D75CE /* SwiftUI_Coredata_tutorial.xcdatamodeld in Sources */,
				6247F95E23EA1AD5002D75CE /* ContentView.swift in Sources */,
				6247F97123EA1B14002D75CE /* CoreDataType.swift in Sources */,
				6247F97023EA1B14002D75CE /* CoreDataController.swift in Sources */,
				6247F95923EA1AD5002D75CE /* SceneDelegate.swift in Sources */,
			);
			runOnlyForDeploymentPostprocessing = 0;
		};
/* End PBXSourcesBuildPhase section */

/* Begin PBXVariantGroup section */
		6247F96423EA1AD9002D75CE /* LaunchScreen.storyboard */ = {
			isa = PBXVariantGroup;
			children = (
				6247F96523EA1AD9002D75CE /* Base */,
			);
			name = LaunchScreen.storyboard;
			sourceTree = "<group>";
		};
/* End PBXVariantGroup section */

/* Begin XCBuildConfiguration section */
		6247F96823EA1AD9002D75CE /* Debug */ = {
			isa = XCBuildConfiguration;
			buildSettings = {
				ALWAYS_SEARCH_USER_PATHS = NO;
				CLANG_ANALYZER_NONNULL = YES;
				CLANG_ANALYZER_NUMBER_OBJECT_CONVERSION = YES_AGGRESSIVE;
				CLANG_CXX_LANGUAGE_STANDARD = "gnu++14";
				CLANG_CXX_LIBRARY = "libc++";
				CLANG_ENABLE_MODULES = YES;
				CLANG_ENABLE_OBJC_ARC = YES;
				CLANG_ENABLE_OBJC_WEAK = YES;
				CLANG_WARN_BLOCK_CAPTURE_AUTORELEASING = YES;
				CLANG_WARN_BOOL_CONVERSION = YES;
				CLANG_WARN_COMMA = YES;
				CLANG_WARN_CONSTANT_CONVERSION = YES;
				CLANG_WARN_DEPRECATED_OBJC_IMPLEMENTATIONS = YES;
				CLANG_WARN_DIRECT_OBJC_ISA_USAGE = YES_ERROR;
				CLANG_WARN_DOCUMENTATION_COMMENTS = YES;
				CLANG_WARN_EMPTY_BODY = YES;
				CLANG_WARN_ENUM_CONVERSION = YES;
				CLANG_WARN_INFINITE_RECURSION = YES;
				CLANG_WARN_INT_CONVERSION = YES;
				CLANG_WARN_NON_LITERAL_NULL_CONVERSION = YES;
				CLANG_WARN_OBJC_IMPLICIT_RETAIN_SELF = YES;
				CLANG_WARN_OBJC_LITERAL_CONVERSION = YES;
				CLANG_WARN_OBJC_ROOT_CLASS = YES_ERROR;
				CLANG_WARN_RANGE_LOOP_ANALYSIS = YES;
				CLANG_WARN_STRICT_PROTOTYPES = YES;
				CLANG_WARN_SUSPICIOUS_MOVE = YES;
				CLANG_WARN_UNGUARDED_AVAILABILITY = YES_AGGRESSIVE;
				CLANG_WARN_UNREACHABLE_CODE = YES;
				CLANG_WARN__DUPLICATE_METHOD_MATCH = YES;
				COPY_PHASE_STRIP = NO;
				DEBUG_INFORMATION_FORMAT = dwarf;
				ENABLE_STRICT_OBJC_MSGSEND = YES;
				ENABLE_TESTABILITY = YES;
				GCC_C_LANGUAGE_STANDARD = gnu11;
				GCC_DYNAMIC_NO_PIC = NO;
				GCC_NO_COMMON_BLOCKS = YES;
				GCC_OPTIMIZATION_LEVEL = 0;
				GCC_PREPROCESSOR_DEFINITIONS = (
					"DEBUG=1",
					"$(inherited)",
				);
				GCC_WARN_64_TO_32_BIT_CONVERSION = YES;
				GCC_WARN_ABOUT_RETURN_TYPE = YES_ERROR;
				GCC_WARN_UNDECLARED_SELECTOR = YES;
				GCC_WARN_UNINITIALIZED_AUTOS = YES_AGGRESSIVE;
				GCC_WARN_UNUSED_FUNCTION = YES;
				GCC_WARN_UNUSED_VARIABLE = YES;
				IPHONEOS_DEPLOYMENT_TARGET = 13.2;
				MTL_ENABLE_DEBUG_INFO = INCLUDE_SOURCE;
				MTL_FAST_MATH = YES;
				ONLY_ACTIVE_ARCH = YES;
				SDKROOT = iphoneos;
				SWIFT_ACTIVE_COMPILATION_CONDITIONS = DEBUG;
				SWIFT_OPTIMIZATION_LEVEL = "-Onone";
			};
			name = Debug;
		};
		6247F96923EA1AD9002D75CE /* Release */ = {
			isa = XCBuildConfiguration;
			buildSettings = {
				ALWAYS_SEARCH_USER_PATHS = NO;
				CLANG_ANALYZER_NONNULL = YES;
				CLANG_ANALYZER_NUMBER_OBJECT_CONVERSION = YES_AGGRESSIVE;
				CLANG_CXX_LANGUAGE_STANDARD = "gnu++14";
				CLANG_CXX_LIBRARY = "libc++";
				CLANG_ENABLE_MODULES = YES;
				CLANG_ENABLE_OBJC_ARC = YES;
				CLANG_ENABLE_OBJC_WEAK = YES;
				CLANG_WARN_BLOCK_CAPTURE_AUTORELEASING = YES;
				CLANG_WARN_BOOL_CONVERSION = YES;
				CLANG_WARN_COMMA = YES;
				CLANG_WARN_CONSTANT_CONVERSION = YES;
				CLANG_WARN_DEPRECATED_OBJC_IMPLEMENTATIONS = YES;
				CLANG_WARN_DIRECT_OBJC_ISA_USAGE = YES_ERROR;
				CLANG_WARN_DOCUMENTATION_COMMENTS = YES;
				CLANG_WARN_EMPTY_BODY = YES;
				CLANG_WARN_ENUM_CONVERSION = YES;
				CLANG_WARN_INFINITE_RECURSION = YES;
				CLANG_WARN_INT_CONVERSION = YES;
				CLANG_WARN_NON_LITERAL_NULL_CONVERSION = YES;
				CLANG_WARN_OBJC_IMPLICIT_RETAIN_SELF = YES;
				CLANG_WARN_OBJC_LITERAL_CONVERSION = YES;
				CLANG_WARN_OBJC_ROOT_CLASS = YES_ERROR;
				CLANG_WARN_RANGE_LOOP_ANALYSIS = YES;
				CLANG_WARN_STRICT_PROTOTYPES = YES;
				CLANG_WARN_SUSPICIOUS_MOVE = YES;
				CLANG_WARN_UNGUARDED_AVAILABILITY = YES_AGGRESSIVE;
				CLANG_WARN_UNREACHABLE_CODE = YES;
				CLANG_WARN__DUPLICATE_METHOD_MATCH = YES;
				COPY_PHASE_STRIP = NO;
				DEBUG_INFORMATION_FORMAT = "dwarf-with-dsym";
				ENABLE_NS_ASSERTIONS = NO;
				ENABLE_STRICT_OBJC_MSGSEND = YES;
				GCC_C_LANGUAGE_STANDARD = gnu11;
				GCC_NO_COMMON_BLOCKS = YES;
				GCC_WARN_64_TO_32_BIT_CONVERSION = YES;
				GCC_WARN_ABOUT_RETURN_TYPE = YES_ERROR;
				GCC_WARN_UNDECLARED_SELECTOR = YES;
				GCC_WARN_UNINITIALIZED_AUTOS = YES_AGGRESSIVE;
				GCC_WARN_UNUSED_FUNCTION = YES;
				GCC_WARN_UNUSED_VARIABLE = YES;
				IPHONEOS_DEPLOYMENT_TARGET = 13.2;
				MTL_ENABLE_DEBUG_INFO = NO;
				MTL_FAST_MATH = YES;
				SDKROOT = iphoneos;
				SWIFT_COMPILATION_MODE = wholemodule;
				SWIFT_OPTIMIZATION_LEVEL = "-O";
				VALIDATE_PRODUCT = YES;
			};
			name = Release;
		};
		6247F96B23EA1AD9002D75CE /* Debug */ = {
			isa = XCBuildConfiguration;
			buildSettings = {
				ASSETCATALOG_COMPILER_APPICON_NAME = AppIcon;
				CODE_SIGN_STYLE = Automatic;
				DEVELOPMENT_ASSET_PATHS = "\"SwiftUI_Coredata_tutorial/Preview Content\"";
				DEVELOPMENT_TEAM = 33BKRBW8SH;
				ENABLE_PREVIEWS = YES;
				INFOPLIST_FILE = SwiftUI_Coredata_tutorial/Info.plist;
				LD_RUNPATH_SEARCH_PATHS = (
					"$(inherited)",
					"@executable_path/Frameworks",
				);
				PRODUCT_BUNDLE_IDENTIFIER = "loydkim.SwiftUI-Coredata-tutorial";
				PRODUCT_NAME = "$(TARGET_NAME)";
				SWIFT_VERSION = 5.0;
				TARGETED_DEVICE_FAMILY = "1,2";
			};
			name = Debug;
		};
		6247F96C23EA1AD9002D75CE /* Release */ = {
			isa = XCBuildConfiguration;
			buildSettings = {
				ASSETCATALOG_COMPILER_APPICON_NAME = AppIcon;
				CODE_SIGN_STYLE = Automatic;
				DEVELOPMENT_ASSET_PATHS = "\"SwiftUI_Coredata_tutorial/Preview Content\"";
				DEVELOPMENT_TEAM = 33BKRBW8SH;
				ENABLE_PREVIEWS = YES;
				INFOPLIST_FILE = SwiftUI_Coredata_tutorial/Info.plist;
				LD_RUNPATH_SEARCH_PATHS = (
					"$(inherited)",
					"@executable_path/Frameworks",
				);
				PRODUCT_BUNDLE_IDENTIFIER = "loydkim.SwiftUI-Coredata-tutorial";
				PRODUCT_NAME = "$(TARGET_NAME)";
				SWIFT_VERSION = 5.0;
				TARGETED_DEVICE_FAMILY = "1,2";
			};
			name = Release;
		};
/* End XCBuildConfiguration section */

/* Begin XCConfigurationList section */
		6247F94E23EA1AD5002D75CE /* Build configuration list for PBXProject "SwiftUI_Coredata_tutorial" */ = {
			isa = XCConfigurationList;
			buildConfigurations = (
				6247F96823EA1AD9002D75CE /* Debug */,
				6247F96923EA1AD9002D75CE /* Release */,
			);
			defaultConfigurationIsVisible = 0;
			defaultConfigurationName = Release;
		};
		6247F96A23EA1AD9002D75CE /* Build configuration list for PBXNativeTarget "SwiftUI_Coredata_tutorial" */ = {
			isa = XCConfigurationList;
			buildConfigurations = (
				6247F96B23EA1AD9002D75CE /* Debug */,
				6247F96C23EA1AD9002D75CE /* Release */,
			);
			defaultConfigurationIsVisible = 0;
			defaultConfigurationName = Release;
		};
/* End XCConfigurationList section */

/* Begin XCVersionGroup section */
		6247F95A23EA1AD5002D75CE /* SwiftUI_Coredata_tutorial.xcdatamodeld */ = {
			isa = XCVersionGroup;
			children = (
				6247F95B23EA1AD5002D75CE /* SwiftUI_Coredata_tutorial.xcdatamodel */,
			);
			currentVersion = 6247F95B23EA1AD5002D75CE /* SwiftUI_Coredata_tutorial.xcdatamodel */;
			path = SwiftUI_Coredata_tutorial.xcdatamodeld;
			sourceTree = "<group>";
			versionGroupType = wrapper.xcdatamodel;
		};
/* End XCVersionGroup section */
	};
	rootObject = 6247F94B23EA1AD5002D75CE /* Project object */;
}
